// !$*UTF8*$!
{
	archiveVersion = 1;
	classes = {
	};
	objectVersion = 56;
	objects = {

/* Begin PBXBuildFile section */
		3D68C0A82A1FC4C6005BB354 /* TDViewController.swift in Sources */ = {isa = PBXBuildFile; fileRef = 3D68C0A72A1FC4C6005BB354 /* TDViewController.swift */; };
		3D68C0AA2A1FFB18005BB354 /* TDCell.swift in Sources */ = {isa = PBXBuildFile; fileRef = 3D68C0A92A1FFB18005BB354 /* TDCell.swift */; };
		3D6E6AA52A1E902E0072A9C4 /* BaseController.swift in Sources */ = {isa = PBXBuildFile; fileRef = 3D6E6AA42A1E902E0072A9C4 /* BaseController.swift */; };
		3D6E6AA72A1E903A0072A9C4 /* BaseView.swift in Sources */ = {isa = PBXBuildFile; fileRef = 3D6E6AA62A1E903A0072A9C4 /* BaseView.swift */; };
		3D6E6AAE2A1E92470072A9C4 /* UIView+Extension.swift in Sources */ = {isa = PBXBuildFile; fileRef = 3D6E6AAD2A1E92470072A9C4 /* UIView+Extension.swift */; };
		3D6E6AB72A1E98390072A9C4 /* SnapKit in Frameworks */ = {isa = PBXBuildFile; productRef = 3D6E6AB62A1E98390072A9C4 /* SnapKit */; };
		3DB45BF42A213B5100999750 /* Resources.swift in Sources */ = {isa = PBXBuildFile; fileRef = 3DB45BF32A213B5100999750 /* Resources.swift */; };
		3DB45BF92A25374E00999750 /* TDTask.swift in Sources */ = {isa = PBXBuildFile; fileRef = 3DB45BF82A25374E00999750 /* TDTask.swift */; };
		3DB45BFB2A25434B00999750 /* ModeSelectionView.swift in Sources */ = {isa = PBXBuildFile; fileRef = 3DB45BFA2A25434B00999750 /* ModeSelectionView.swift */; };
		3DB45BFE2A25460A00999750 /* ModeView.swift in Sources */ = {isa = PBXBuildFile; fileRef = 3DB45BFD2A25460A00999750 /* ModeView.swift */; };
		3DB45C002A267C4B00999750 /* UIFont+Extension.swift in Sources */ = {isa = PBXBuildFile; fileRef = 3DB45BFF2A267C4B00999750 /* UIFont+Extension.swift */; };
		3DB45C102A2BB76800999750 /* Mode.swift in Sources */ = {isa = PBXBuildFile; fileRef = 3DB45C0F2A2BB76800999750 /* Mode.swift */; };
		3DB45C1D2A2F86FE00999750 /* TaskRealmModel.swift in Sources */ = {isa = PBXBuildFile; fileRef = 3DB45C1C2A2F86FE00999750 /* TaskRealmModel.swift */; };
		3DB45C242A2F87F200999750 /* RealmManager.swift in Sources */ = {isa = PBXBuildFile; fileRef = 3DB45C232A2F87F200999750 /* RealmManager.swift */; };
		3DB45C2A2A30EEB400999750 /* Realm in Frameworks */ = {isa = PBXBuildFile; productRef = 3DB45C292A30EEB400999750 /* Realm */; };
		3DB45C2C2A30EEB400999750 /* RealmSwift in Frameworks */ = {isa = PBXBuildFile; productRef = 3DB45C2B2A30EEB400999750 /* RealmSwift */; };
		3DB45C4A2A38CC0900999750 /* ClientRealmModel.swift in Sources */ = {isa = PBXBuildFile; fileRef = 3DB45C492A38CC0900999750 /* ClientRealmModel.swift */; };
		3DB45C4C2A38FA6B00999750 /* AppRouter.swift in Sources */ = {isa = PBXBuildFile; fileRef = 3DB45C4B2A38FA6B00999750 /* AppRouter.swift */; };
		3DB45C4E2A3B89D700999750 /* AddTaskController.swift in Sources */ = {isa = PBXBuildFile; fileRef = 3DB45C4D2A3B89D700999750 /* AddTaskController.swift */; };
		3DB45C502A3B9B1E00999750 /* DateService.swift in Sources */ = {isa = PBXBuildFile; fileRef = 3DB45C4F2A3B9B1E00999750 /* DateService.swift */; };
		3DB45C522A3BA10F00999750 /* PlainController.swift in Sources */ = {isa = PBXBuildFile; fileRef = 3DB45C512A3BA10F00999750 /* PlainController.swift */; };
		3DB45C852A45BE6300999750 /* TDButton.swift in Sources */ = {isa = PBXBuildFile; fileRef = 3DB45C842A45BE6300999750 /* TDButton.swift */; };
		3DB45C872A45C73800999750 /* TDTextField.swift in Sources */ = {isa = PBXBuildFile; fileRef = 3DB45C862A45C73800999750 /* TDTextField.swift */; };
		3DB45C892A45E47E00999750 /* CalendarCell.swift in Sources */ = {isa = PBXBuildFile; fileRef = 3DB45C882A45E47E00999750 /* CalendarCell.swift */; };
		3DCC8B0B2A1E118800204A82 /* AppDelegate.swift in Sources */ = {isa = PBXBuildFile; fileRef = 3DCC8B0A2A1E118800204A82 /* AppDelegate.swift */; };
		3DCC8B0D2A1E118800204A82 /* SceneDelegate.swift in Sources */ = {isa = PBXBuildFile; fileRef = 3DCC8B0C2A1E118800204A82 /* SceneDelegate.swift */; };
		3DCC8B0F2A1E118800204A82 /* WelcomeViewController.swift in Sources */ = {isa = PBXBuildFile; fileRef = 3DCC8B0E2A1E118800204A82 /* WelcomeViewController.swift */; };
		3DCC8B142A1E118900204A82 /* Assets.xcassets in Resources */ = {isa = PBXBuildFile; fileRef = 3DCC8B132A1E118900204A82 /* Assets.xcassets */; };
		3DCC8B172A1E118900204A82 /* LaunchScreen.storyboard in Resources */ = {isa = PBXBuildFile; fileRef = 3DCC8B152A1E118900204A82 /* LaunchScreen.storyboard */; };
/* End PBXBuildFile section */

/* Begin PBXFileReference section */
		3D68C0A72A1FC4C6005BB354 /* TDViewController.swift */ = {isa = PBXFileReference; lastKnownFileType = sourcecode.swift; path = TDViewController.swift; sourceTree = "<group>"; };
		3D68C0A92A1FFB18005BB354 /* TDCell.swift */ = {isa = PBXFileReference; lastKnownFileType = sourcecode.swift; path = TDCell.swift; sourceTree = "<group>"; };
		3D6E6AA42A1E902E0072A9C4 /* BaseController.swift */ = {isa = PBXFileReference; lastKnownFileType = sourcecode.swift; path = BaseController.swift; sourceTree = "<group>"; };
		3D6E6AA62A1E903A0072A9C4 /* BaseView.swift */ = {isa = PBXFileReference; lastKnownFileType = sourcecode.swift; path = BaseView.swift; sourceTree = "<group>"; };
		3D6E6AAD2A1E92470072A9C4 /* UIView+Extension.swift */ = {isa = PBXFileReference; lastKnownFileType = sourcecode.swift; path = "UIView+Extension.swift"; sourceTree = "<group>"; };
		3DB45BF32A213B5100999750 /* Resources.swift */ = {isa = PBXFileReference; lastKnownFileType = sourcecode.swift; path = Resources.swift; sourceTree = "<group>"; };
		3DB45BF82A25374E00999750 /* TDTask.swift */ = {isa = PBXFileReference; lastKnownFileType = sourcecode.swift; path = TDTask.swift; sourceTree = "<group>"; };
		3DB45BFA2A25434B00999750 /* ModeSelectionView.swift */ = {isa = PBXFileReference; lastKnownFileType = sourcecode.swift; path = ModeSelectionView.swift; sourceTree = "<group>"; };
		3DB45BFD2A25460A00999750 /* ModeView.swift */ = {isa = PBXFileReference; lastKnownFileType = sourcecode.swift; path = ModeView.swift; sourceTree = "<group>"; };
		3DB45BFF2A267C4B00999750 /* UIFont+Extension.swift */ = {isa = PBXFileReference; lastKnownFileType = sourcecode.swift; path = "UIFont+Extension.swift"; sourceTree = "<group>"; };
		3DB45C0F2A2BB76800999750 /* Mode.swift */ = {isa = PBXFileReference; lastKnownFileType = sourcecode.swift; path = Mode.swift; sourceTree = "<group>"; };
		3DB45C1C2A2F86FE00999750 /* TaskRealmModel.swift */ = {isa = PBXFileReference; lastKnownFileType = sourcecode.swift; path = TaskRealmModel.swift; sourceTree = "<group>"; };
		3DB45C232A2F87F200999750 /* RealmManager.swift */ = {isa = PBXFileReference; lastKnownFileType = sourcecode.swift; path = RealmManager.swift; sourceTree = "<group>"; };
		3DB45C492A38CC0900999750 /* ClientRealmModel.swift */ = {isa = PBXFileReference; lastKnownFileType = sourcecode.swift; path = ClientRealmModel.swift; sourceTree = "<group>"; };
		3DB45C4B2A38FA6B00999750 /* AppRouter.swift */ = {isa = PBXFileReference; lastKnownFileType = sourcecode.swift; path = AppRouter.swift; sourceTree = "<group>"; };
		3DB45C4D2A3B89D700999750 /* AddTaskController.swift */ = {isa = PBXFileReference; lastKnownFileType = sourcecode.swift; path = AddTaskController.swift; sourceTree = "<group>"; };
		3DB45C4F2A3B9B1E00999750 /* DateService.swift */ = {isa = PBXFileReference; lastKnownFileType = sourcecode.swift; path = DateService.swift; sourceTree = "<group>"; };
		3DB45C512A3BA10F00999750 /* PlainController.swift */ = {isa = PBXFileReference; lastKnownFileType = sourcecode.swift; path = PlainController.swift; sourceTree = "<group>"; };
		3DB45C842A45BE6300999750 /* TDButton.swift */ = {isa = PBXFileReference; lastKnownFileType = sourcecode.swift; path = TDButton.swift; sourceTree = "<group>"; };
		3DB45C862A45C73800999750 /* TDTextField.swift */ = {isa = PBXFileReference; lastKnownFileType = sourcecode.swift; path = TDTextField.swift; sourceTree = "<group>"; };
		3DB45C882A45E47E00999750 /* CalendarCell.swift */ = {isa = PBXFileReference; lastKnownFileType = sourcecode.swift; path = CalendarCell.swift; sourceTree = "<group>"; };
		3DCC8B072A1E118800204A82 /* SomeApp.app */ = {isa = PBXFileReference; explicitFileType = wrapper.application; includeInIndex = 0; path = SomeApp.app; sourceTree = BUILT_PRODUCTS_DIR; };
		3DCC8B0A2A1E118800204A82 /* AppDelegate.swift */ = {isa = PBXFileReference; lastKnownFileType = sourcecode.swift; path = AppDelegate.swift; sourceTree = "<group>"; };
		3DCC8B0C2A1E118800204A82 /* SceneDelegate.swift */ = {isa = PBXFileReference; lastKnownFileType = sourcecode.swift; path = SceneDelegate.swift; sourceTree = "<group>"; };
		3DCC8B0E2A1E118800204A82 /* WelcomeViewController.swift */ = {isa = PBXFileReference; lastKnownFileType = sourcecode.swift; path = WelcomeViewController.swift; sourceTree = "<group>"; };
		3DCC8B132A1E118900204A82 /* Assets.xcassets */ = {isa = PBXFileReference; lastKnownFileType = folder.assetcatalog; path = Assets.xcassets; sourceTree = "<group>"; };
		3DCC8B162A1E118900204A82 /* Base */ = {isa = PBXFileReference; lastKnownFileType = file.storyboard; name = Base; path = Base.lproj/LaunchScreen.storyboard; sourceTree = "<group>"; };
		3DCC8B182A1E118900204A82 /* Info.plist */ = {isa = PBXFileReference; lastKnownFileType = text.plist.xml; path = Info.plist; sourceTree = "<group>"; };
/* End PBXFileReference section */

/* Begin PBXFrameworksBuildPhase section */
		3DCC8B042A1E118800204A82 /* Frameworks */ = {
			isa = PBXFrameworksBuildPhase;
			buildActionMask = 2147483647;
			files = (
				3DB45C2C2A30EEB400999750 /* RealmSwift in Frameworks */,
				3DB45C2A2A30EEB400999750 /* Realm in Frameworks */,
				3D6E6AB72A1E98390072A9C4 /* SnapKit in Frameworks */,
			);
			runOnlyForDeploymentPostprocessing = 0;
		};
/* End PBXFrameworksBuildPhase section */

/* Begin PBXGroup section */
		3D6E6AA82A1E90460072A9C4 /* Base */ = {
			isa = PBXGroup;
			children = (
				3D6E6AA42A1E902E0072A9C4 /* BaseController.swift */,
				3D6E6AA62A1E903A0072A9C4 /* BaseView.swift */,
			);
			path = Base;
			sourceTree = "<group>";
		};
		3D6E6AA92A1E908B0072A9C4 /* Source */ = {
			isa = PBXGroup;
			children = (
				3DB45BF32A213B5100999750 /* Resources.swift */,
				3DCC8B132A1E118900204A82 /* Assets.xcassets */,
				3DCC8B152A1E118900204A82 /* LaunchScreen.storyboard */,
				3DCC8B182A1E118900204A82 /* Info.plist */,
			);
			path = Source;
			sourceTree = "<group>";
		};
		3D6E6AAC2A1E92290072A9C4 /* Extensions */ = {
			isa = PBXGroup;
			children = (
				3D6E6AAD2A1E92470072A9C4 /* UIView+Extension.swift */,
				3DB45BFF2A267C4B00999750 /* UIFont+Extension.swift */,
			);
			path = Extensions;
			sourceTree = "<group>";
		};
		3D6E6AB42A1E93F30072A9C4 /* App */ = {
			isa = PBXGroup;
			children = (
				3DB45C4B2A38FA6B00999750 /* AppRouter.swift */,
				3DCC8B0A2A1E118800204A82 /* AppDelegate.swift */,
				3DCC8B0C2A1E118800204A82 /* SceneDelegate.swift */,
			);
			path = App;
			sourceTree = "<group>";
		};
		3DB45BF12A213B2600999750 /* Views */ = {
			isa = PBXGroup;
			children = (
				3DCC8B0E2A1E118800204A82 /* WelcomeViewController.swift */,
				3D68C0A72A1FC4C6005BB354 /* TDViewController.swift */,
				3DB45C4D2A3B89D700999750 /* AddTaskController.swift */,
				3DB45C512A3BA10F00999750 /* PlainController.swift */,
				3DB45C012A275AC900999750 /* Subviews */,
				3DB45BF22A213B3000999750 /* Cells */,
			);
			path = Views;
			sourceTree = "<group>";
		};
		3DB45BF22A213B3000999750 /* Cells */ = {
			isa = PBXGroup;
			children = (
				3D68C0A92A1FFB18005BB354 /* TDCell.swift */,
				3DB45C882A45E47E00999750 /* CalendarCell.swift */,
			);
			path = Cells;
			sourceTree = "<group>";
		};
		3DB45BF72A25372F00999750 /* Entities */ = {
			isa = PBXGroup;
			children = (
				3DB45BF82A25374E00999750 /* TDTask.swift */,
				3DB45C0F2A2BB76800999750 /* Mode.swift */,
			);
			path = Entities;
			sourceTree = "<group>";
		};
		3DB45BFC2A25451F00999750 /* ModeSelectionBlock */ = {
			isa = PBXGroup;
			children = (
				3DB45BFA2A25434B00999750 /* ModeSelectionView.swift */,
				3DB45BFD2A25460A00999750 /* ModeView.swift */,
			);
			path = ModeSelectionBlock;
			sourceTree = "<group>";
		};
		3DB45C012A275AC900999750 /* Subviews */ = {
			isa = PBXGroup;
			children = (
				3DB45C842A45BE6300999750 /* TDButton.swift */,
				3DB45C862A45C73800999750 /* TDTextField.swift */,
				3DB45BFC2A25451F00999750 /* ModeSelectionBlock */,
			);
			path = Subviews;
			sourceTree = "<group>";
		};
		3DB45C0A2A29330200999750 /* Services */ = {
			isa = PBXGroup;
			children = (
				3DB45C4F2A3B9B1E00999750 /* DateService.swift */,
				3DB45C1B2A2F86E000999750 /* DBService */,
			);
			path = Services;
			sourceTree = "<group>";
		};
		3DB45C1B2A2F86E000999750 /* DBService */ = {
			isa = PBXGroup;
			children = (
				3DB45C232A2F87F200999750 /* RealmManager.swift */,
				3DB45C1C2A2F86FE00999750 /* TaskRealmModel.swift */,
				3DB45C492A38CC0900999750 /* ClientRealmModel.swift */,
			);
			path = DBService;
			sourceTree = "<group>";
		};
		3DCC8AFE2A1E118800204A82 = {
			isa = PBXGroup;
			children = (
				3DCC8B092A1E118800204A82 /* SomeApp */,
				3DCC8B082A1E118800204A82 /* Products */,
			);
			sourceTree = "<group>";
		};
		3DCC8B082A1E118800204A82 /* Products */ = {
			isa = PBXGroup;
			children = (
				3DCC8B072A1E118800204A82 /* SomeApp.app */,
			);
			name = Products;
			sourceTree = "<group>";
		};
		3DCC8B092A1E118800204A82 /* SomeApp */ = {
			isa = PBXGroup;
			children = (
				3D6E6AB42A1E93F30072A9C4 /* App */,
				3D6E6AA82A1E90460072A9C4 /* Base */,
				3DB45BF72A25372F00999750 /* Entities */,
				3D6E6AAC2A1E92290072A9C4 /* Extensions */,
				3DB45BF12A213B2600999750 /* Views */,
				3DB45C0A2A29330200999750 /* Services */,
				3D6E6AA92A1E908B0072A9C4 /* Source */,
			);
			path = SomeApp;
			sourceTree = "<group>";
		};
/* End PBXGroup section */

/* Begin PBXNativeTarget section */
		3DCC8B062A1E118800204A82 /* SomeApp */ = {
			isa = PBXNativeTarget;
			buildConfigurationList = 3DCC8B1B2A1E118900204A82 /* Build configuration list for PBXNativeTarget "SomeApp" */;
			buildPhases = (
				3DCC8B032A1E118800204A82 /* Sources */,
				3DCC8B042A1E118800204A82 /* Frameworks */,
				3DCC8B052A1E118800204A82 /* Resources */,
			);
			buildRules = (
			);
			dependencies = (
			);
			name = SomeApp;
			packageProductDependencies = (
				3D6E6AB62A1E98390072A9C4 /* SnapKit */,
				3DB45C292A30EEB400999750 /* Realm */,
				3DB45C2B2A30EEB400999750 /* RealmSwift */,
			);
			productName = SomeApp;
			productReference = 3DCC8B072A1E118800204A82 /* SomeApp.app */;
			productType = "com.apple.product-type.application";
		};
/* End PBXNativeTarget section */

/* Begin PBXProject section */
		3DCC8AFF2A1E118800204A82 /* Project object */ = {
			isa = PBXProject;
			attributes = {
				BuildIndependentTargetsInParallel = 1;
				LastSwiftUpdateCheck = 1430;
				LastUpgradeCheck = 1430;
				TargetAttributes = {
					3DCC8B062A1E118800204A82 = {
						CreatedOnToolsVersion = 14.3;
					};
				};
			};
			buildConfigurationList = 3DCC8B022A1E118800204A82 /* Build configuration list for PBXProject "SomeApp" */;
			compatibilityVersion = "Xcode 14.0";
			developmentRegion = en;
			hasScannedForEncodings = 0;
			knownRegions = (
				en,
				Base,
			);
			mainGroup = 3DCC8AFE2A1E118800204A82;
			packageReferences = (
				3D6E6AB52A1E98390072A9C4 /* XCRemoteSwiftPackageReference "SnapKit" */,
				3DB45C282A30EEB400999750 /* XCRemoteSwiftPackageReference "realm-swift" */,
			);
			productRefGroup = 3DCC8B082A1E118800204A82 /* Products */;
			projectDirPath = "";
			projectRoot = "";
			targets = (
				3DCC8B062A1E118800204A82 /* SomeApp */,
			);
		};
/* End PBXProject section */

/* Begin PBXResourcesBuildPhase section */
		3DCC8B052A1E118800204A82 /* Resources */ = {
			isa = PBXResourcesBuildPhase;
			buildActionMask = 2147483647;
			files = (
				3DCC8B172A1E118900204A82 /* LaunchScreen.storyboard in Resources */,
				3DCC8B142A1E118900204A82 /* Assets.xcassets in Resources */,
			);
			runOnlyForDeploymentPostprocessing = 0;
		};
/* End PBXResourcesBuildPhase section */

/* Begin PBXSourcesBuildPhase section */
		3DCC8B032A1E118800204A82 /* Sources */ = {
			isa = PBXSourcesBuildPhase;
			buildActionMask = 2147483647;
			files = (
				3DCC8B0F2A1E118800204A82 /* WelcomeViewController.swift in Sources */,
				3D6E6AAE2A1E92470072A9C4 /* UIView+Extension.swift in Sources */,
				3D68C0AA2A1FFB18005BB354 /* TDCell.swift in Sources */,
				3DB45BFB2A25434B00999750 /* ModeSelectionView.swift in Sources */,
				3DB45C1D2A2F86FE00999750 /* TaskRealmModel.swift in Sources */,
				3DCC8B0B2A1E118800204A82 /* AppDelegate.swift in Sources */,
				3DB45BFE2A25460A00999750 /* ModeView.swift in Sources */,
				3DB45C892A45E47E00999750 /* CalendarCell.swift in Sources */,
				3DB45C872A45C73800999750 /* TDTextField.swift in Sources */,
				3DB45C852A45BE6300999750 /* TDButton.swift in Sources */,
				3DB45C4C2A38FA6B00999750 /* AppRouter.swift in Sources */,
				3DB45C102A2BB76800999750 /* Mode.swift in Sources */,
				3D6E6AA72A1E903A0072A9C4 /* BaseView.swift in Sources */,
				3D6E6AA52A1E902E0072A9C4 /* BaseController.swift in Sources */,
				3DB45BF42A213B5100999750 /* Resources.swift in Sources */,
				3D68C0A82A1FC4C6005BB354 /* TDViewController.swift in Sources */,
				3DB45C502A3B9B1E00999750 /* DateService.swift in Sources */,
				3DB45C4A2A38CC0900999750 /* ClientRealmModel.swift in Sources */,
				3DB45C002A267C4B00999750 /* UIFont+Extension.swift in Sources */,
				3DB45C522A3BA10F00999750 /* PlainController.swift in Sources */,
				3DB45C4E2A3B89D700999750 /* AddTaskController.swift in Sources */,
				3DB45BF92A25374E00999750 /* TDTask.swift in Sources */,
				3DB45C242A2F87F200999750 /* RealmManager.swift in Sources */,
				3DCC8B0D2A1E118800204A82 /* SceneDelegate.swift in Sources */,
			);
			runOnlyForDeploymentPostprocessing = 0;
		};
/* End PBXSourcesBuildPhase section */

/* Begin PBXVariantGroup section */
		3DCC8B152A1E118900204A82 /* LaunchScreen.storyboard */ = {
			isa = PBXVariantGroup;
			children = (
				3DCC8B162A1E118900204A82 /* Base */,
			);
			name = LaunchScreen.storyboard;
			sourceTree = "<group>";
		};
/* End PBXVariantGroup section */

/* Begin XCBuildConfiguration section */
		3DCC8B192A1E118900204A82 /* Debug */ = {
			isa = XCBuildConfiguration;
			buildSettings = {
				ALWAYS_SEARCH_USER_PATHS = NO;
				CLANG_ANALYZER_NONNULL = YES;
				CLANG_ANALYZER_NUMBER_OBJECT_CONVERSION = YES_AGGRESSIVE;
				CLANG_CXX_LANGUAGE_STANDARD = "gnu++20";
				CLANG_ENABLE_MODULES = YES;
				CLANG_ENABLE_OBJC_ARC = YES;
				CLANG_ENABLE_OBJC_WEAK = YES;
				CLANG_WARN_BLOCK_CAPTURE_AUTORELEASING = YES;
				CLANG_WARN_BOOL_CONVERSION = YES;
				CLANG_WARN_COMMA = YES;
				CLANG_WARN_CONSTANT_CONVERSION = YES;
				CLANG_WARN_DEPRECATED_OBJC_IMPLEMENTATIONS = YES;
				CLANG_WARN_DIRECT_OBJC_ISA_USAGE = YES_ERROR;
				CLANG_WARN_DOCUMENTATION_COMMENTS = YES;
				CLANG_WARN_EMPTY_BODY = YES;
				CLANG_WARN_ENUM_CONVERSION = YES;
				CLANG_WARN_INFINITE_RECURSION = YES;
				CLANG_WARN_INT_CONVERSION = YES;
				CLANG_WARN_NON_LITERAL_NULL_CONVERSION = YES;
				CLANG_WARN_OBJC_IMPLICIT_RETAIN_SELF = YES;
				CLANG_WARN_OBJC_LITERAL_CONVERSION = YES;
				CLANG_WARN_OBJC_ROOT_CLASS = YES_ERROR;
				CLANG_WARN_QUOTED_INCLUDE_IN_FRAMEWORK_HEADER = YES;
				CLANG_WARN_RANGE_LOOP_ANALYSIS = YES;
				CLANG_WARN_STRICT_PROTOTYPES = YES;
				CLANG_WARN_SUSPICIOUS_MOVE = YES;
				CLANG_WARN_UNGUARDED_AVAILABILITY = YES_AGGRESSIVE;
				CLANG_WARN_UNREACHABLE_CODE = YES;
				CLANG_WARN__DUPLICATE_METHOD_MATCH = YES;
				COPY_PHASE_STRIP = NO;
				DEBUG_INFORMATION_FORMAT = dwarf;
				ENABLE_STRICT_OBJC_MSGSEND = YES;
				ENABLE_TESTABILITY = YES;
				GCC_C_LANGUAGE_STANDARD = gnu11;
				GCC_DYNAMIC_NO_PIC = NO;
				GCC_NO_COMMON_BLOCKS = YES;
				GCC_OPTIMIZATION_LEVEL = 0;
				GCC_PREPROCESSOR_DEFINITIONS = (
					"DEBUG=1",
					"$(inherited)",
				);
				GCC_WARN_64_TO_32_BIT_CONVERSION = YES;
				GCC_WARN_ABOUT_RETURN_TYPE = YES_ERROR;
				GCC_WARN_UNDECLARED_SELECTOR = YES;
				GCC_WARN_UNINITIALIZED_AUTOS = YES_AGGRESSIVE;
				GCC_WARN_UNUSED_FUNCTION = YES;
				GCC_WARN_UNUSED_VARIABLE = YES;
				IPHONEOS_DEPLOYMENT_TARGET = 15.0;
				MTL_ENABLE_DEBUG_INFO = INCLUDE_SOURCE;
				MTL_FAST_MATH = YES;
				ONLY_ACTIVE_ARCH = YES;
				SDKROOT = iphoneos;
				SWIFT_ACTIVE_COMPILATION_CONDITIONS = DEBUG;
				SWIFT_OPTIMIZATION_LEVEL = "-Onone";
			};
			name = Debug;
		};
		3DCC8B1A2A1E118900204A82 /* Release */ = {
			isa = XCBuildConfiguration;
			buildSettings = {
				ALWAYS_SEARCH_USER_PATHS = NO;
				CLANG_ANALYZER_NONNULL = YES;
				CLANG_ANALYZER_NUMBER_OBJECT_CONVERSION = YES_AGGRESSIVE;
				CLANG_CXX_LANGUAGE_STANDARD = "gnu++20";
				CLANG_ENABLE_MODULES = YES;
				CLANG_ENABLE_OBJC_ARC = YES;
				CLANG_ENABLE_OBJC_WEAK = YES;
				CLANG_WARN_BLOCK_CAPTURE_AUTORELEASING = YES;
				CLANG_WARN_BOOL_CONVERSION = YES;
				CLANG_WARN_COMMA = YES;
				CLANG_WARN_CONSTANT_CONVERSION = YES;
				CLANG_WARN_DEPRECATED_OBJC_IMPLEMENTATIONS = YES;
				CLANG_WARN_DIRECT_OBJC_ISA_USAGE = YES_ERROR;
				CLANG_WARN_DOCUMENTATION_COMMENTS = YES;
				CLANG_WARN_EMPTY_BODY = YES;
				CLANG_WARN_ENUM_CONVERSION = YES;
				CLANG_WARN_INFINITE_RECURSION = YES;
				CLANG_WARN_INT_CONVERSION = YES;
				CLANG_WARN_NON_LITERAL_NULL_CONVERSION = YES;
				CLANG_WARN_OBJC_IMPLICIT_RETAIN_SELF = YES;
				CLANG_WARN_OBJC_LITERAL_CONVERSION = YES;
				CLANG_WARN_OBJC_ROOT_CLASS = YES_ERROR;
				CLANG_WARN_QUOTED_INCLUDE_IN_FRAMEWORK_HEADER = YES;
				CLANG_WARN_RANGE_LOOP_ANALYSIS = YES;
				CLANG_WARN_STRICT_PROTOTYPES = YES;
				CLANG_WARN_SUSPICIOUS_MOVE = YES;
				CLANG_WARN_UNGUARDED_AVAILABILITY = YES_AGGRESSIVE;
				CLANG_WARN_UNREACHABLE_CODE = YES;
				CLANG_WARN__DUPLICATE_METHOD_MATCH = YES;
				COPY_PHASE_STRIP = NO;
				DEBUG_INFORMATION_FORMAT = "dwarf-with-dsym";
				ENABLE_NS_ASSERTIONS = NO;
				ENABLE_STRICT_OBJC_MSGSEND = YES;
				GCC_C_LANGUAGE_STANDARD = gnu11;
				GCC_NO_COMMON_BLOCKS = YES;
				GCC_WARN_64_TO_32_BIT_CONVERSION = YES;
				GCC_WARN_ABOUT_RETURN_TYPE = YES_ERROR;
				GCC_WARN_UNDECLARED_SELECTOR = YES;
				GCC_WARN_UNINITIALIZED_AUTOS = YES_AGGRESSIVE;
				GCC_WARN_UNUSED_FUNCTION = YES;
				GCC_WARN_UNUSED_VARIABLE = YES;
				IPHONEOS_DEPLOYMENT_TARGET = 15.0;
				MTL_ENABLE_DEBUG_INFO = NO;
				MTL_FAST_MATH = YES;
				SDKROOT = iphoneos;
				SWIFT_COMPILATION_MODE = wholemodule;
				SWIFT_OPTIMIZATION_LEVEL = "-O";
				VALIDATE_PRODUCT = YES;
			};
			name = Release;
		};
		3DCC8B1C2A1E118900204A82 /* Debug */ = {
			isa = XCBuildConfiguration;
			buildSettings = {
				ASSETCATALOG_COMPILER_APPICON_NAME = AppIcon;
				ASSETCATALOG_COMPILER_GLOBAL_ACCENT_COLOR_NAME = AccentColor;
				CODE_SIGN_STYLE = Automatic;
				CURRENT_PROJECT_VERSION = 1;
				DEVELOPMENT_TEAM = 4PCW4NA85G;
				GENERATE_INFOPLIST_FILE = YES;
				INFOPLIST_FILE = SomeApp/Source/Info.plist;
				INFOPLIST_KEY_UIApplicationSupportsIndirectInputEvents = YES;
				INFOPLIST_KEY_UILaunchStoryboardName = LaunchScreen;
				INFOPLIST_KEY_UISupportedInterfaceOrientations = "UIInterfaceOrientationLandscapeLeft UIInterfaceOrientationLandscapeRight UIInterfaceOrientationPortrait";
				INFOPLIST_KEY_UISupportedInterfaceOrientations_iPad = UIInterfaceOrientationPortrait;
				IPHONEOS_DEPLOYMENT_TARGET = 15.0;
				LD_RUNPATH_SEARCH_PATHS = (
					"$(inherited)",
					"@executable_path/Frameworks",
				);
				MARKETING_VERSION = 1.0;
				PRODUCT_BUNDLE_IDENTIFIER = com.steellson.SomeApp.SomeApp;
				PRODUCT_NAME = "$(TARGET_NAME)";
				SWIFT_EMIT_LOC_STRINGS = YES;
				SWIFT_VERSION = 5.0;
				TARGETED_DEVICE_FAMILY = "1,2";
			};
			name = Debug;
		};
		3DCC8B1D2A1E118900204A82 /* Release */ = {
			isa = XCBuildConfiguration;
			buildSettings = {
				ASSETCATALOG_COMPILER_APPICON_NAME = AppIcon;
				ASSETCATALOG_COMPILER_GLOBAL_ACCENT_COLOR_NAME = AccentColor;
				CODE_SIGN_STYLE = Automatic;
				CURRENT_PROJECT_VERSION = 1;
				DEVELOPMENT_TEAM = 4PCW4NA85G;
				GENERATE_INFOPLIST_FILE = YES;
				INFOPLIST_FILE = SomeApp/Source/Info.plist;
				INFOPLIST_KEY_UIApplicationSupportsIndirectInputEvents = YES;
				INFOPLIST_KEY_UILaunchStoryboardName = LaunchScreen;
				INFOPLIST_KEY_UISupportedInterfaceOrientations = "UIInterfaceOrientationLandscapeLeft UIInterfaceOrientationLandscapeRight UIInterfaceOrientationPortrait";
				INFOPLIST_KEY_UISupportedInterfaceOrientations_iPad = UIInterfaceOrientationPortrait;
				IPHONEOS_DEPLOYMENT_TARGET = 15.0;
				LD_RUNPATH_SEARCH_PATHS = (
					"$(inherited)",
					"@executable_path/Frameworks",
				);
				MARKETING_VERSION = 1.0;
				PRODUCT_BUNDLE_IDENTIFIER = com.steellson.SomeApp.SomeApp;
				PRODUCT_NAME = "$(TARGET_NAME)";
				SWIFT_EMIT_LOC_STRINGS = YES;
				SWIFT_VERSION = 5.0;
				TARGETED_DEVICE_FAMILY = "1,2";
			};
			name = Release;
		};
/* End XCBuildConfiguration section */

/* Begin XCConfigurationList section */
		3DCC8B022A1E118800204A82 /* Build configuration list for PBXProject "SomeApp" */ = {
			isa = XCConfigurationList;
			buildConfigurations = (
				3DCC8B192A1E118900204A82 /* Debug */,
				3DCC8B1A2A1E118900204A82 /* Release */,
			);
			defaultConfigurationIsVisible = 0;
			defaultConfigurationName = Release;
		};
		3DCC8B1B2A1E118900204A82 /* Build configuration list for PBXNativeTarget "SomeApp" */ = {
			isa = XCConfigurationList;
			buildConfigurations = (
				3DCC8B1C2A1E118900204A82 /* Debug */,
				3DCC8B1D2A1E118900204A82 /* Release */,
			);
			defaultConfigurationIsVisible = 0;
			defaultConfigurationName = Release;
		};
/* End XCConfigurationList section */

/* Begin XCRemoteSwiftPackageReference section */
		3D6E6AB52A1E98390072A9C4 /* XCRemoteSwiftPackageReference "SnapKit" */ = {
			isa = XCRemoteSwiftPackageReference;
			repositoryURL = "https://github.com/SnapKit/SnapKit";
			requirement = {
				kind = upToNextMajorVersion;
				minimumVersion = 5.0.0;
			};
		};
		3DB45C282A30EEB400999750 /* XCRemoteSwiftPackageReference "realm-swift" */ = {
			isa = XCRemoteSwiftPackageReference;
			repositoryURL = "https://github.com/realm/realm-swift";
			requirement = {
				branch = master;
				kind = branch;
			};
		};
/* End XCRemoteSwiftPackageReference section */

/* Begin XCSwiftPackageProductDependency section */
		3D6E6AB62A1E98390072A9C4 /* SnapKit */ = {
			isa = XCSwiftPackageProductDependency;
			package = 3D6E6AB52A1E98390072A9C4 /* XCRemoteSwiftPackageReference "SnapKit" */;
			productName = SnapKit;
		};
		3DB45C292A30EEB400999750 /* Realm */ = {
			isa = XCSwiftPackageProductDependency;
			package = 3DB45C282A30EEB400999750 /* XCRemoteSwiftPackageReference "realm-swift" */;
			productName = Realm;
		};
		3DB45C2B2A30EEB400999750 /* RealmSwift */ = {
			isa = XCSwiftPackageProductDependency;
			package = 3DB45C282A30EEB400999750 /* XCRemoteSwiftPackageReference "realm-swift" */;
			productName = RealmSwift;
		};
/* End XCSwiftPackageProductDependency section */
	};
	rootObject = 3DCC8AFF2A1E118800204A82 /* Project object */;
}
